
Microsoft Visual Studio Solution File, Format Version 12.00
# Visual Studio Version 17
VisualStudioVersion = 17.11.35327.3
MinimumVisualStudioVersion = 10.0.40219.1
Project("{FAE04EC0-301F-11D3-BF4B-00C04F79EFBC}") = "NiVi", "NiVi\NiVi.csproj", "{DA075B79-58E4-46D9-8156-AB272262A235}"
EndProject
Global
	GlobalSection(SolutionConfigurationPlatforms) = preSolution
		Debug|Any CPU = Debug|Any CPU
		Release|Any CPU = Release|Any CPU
	EndGlobalSection
	GlobalSection(ProjectConfigurationPlatforms) = postSolution
		{DA075B79-58E4-46D9-8156-AB272262A235}.Debug|Any CPU.ActiveCfg = Debug|Any CPU
		{DA075B79-58E4-46D9-8156-AB272262A235}.Debug|Any CPU.Build.0 = Debug|Any CPU
		{DA075B79-58E4-46D9-8156-AB272262A235}.Release|Any CPU.ActiveCfg = Release|Any CPU
		{DA075B79-58E4-46D9-8156-AB272262A235}.Release|Any CPU.Build.0 = Release|Any CPU
	EndGlobalSection
	GlobalSection(SolutionProperties) = preSolution
		HideSolutionNode = FALSE
	EndGlobalSection
	GlobalSection(ExtensibilityGlobals) = postSolution
		SolutionGuid = {0826A0C7-9B68-468D-94F5-F3C50E105CF2}
	EndGlobalSection
EndGlobal
